
Microsoft Visual Studio Solution File, Format Version 12.00
# Visual Studio Version 17
VisualStudioVersion = 17.8.34511.84
MinimumVisualStudioVersion = 10.0.40219.1
Project("{9A19103F-16F7-4668-BE54-9A1E7A4F7556}") = "ConnectChain", "Taswiya\ConnectChain.csproj", "{BB4A3135-06CA-4A8D-9939-947289422A4B}"
EndProject
Global
	GlobalSection(SolutionConfigurationPlatforms) = preSolution
		Debug|Any CPU = Debug|Any CPU
		Release|Any CPU = Release|Any CPU
	EndGlobalSection
	GlobalSection(ProjectConfigurationPlatforms) = postSolution
		{BB4A3135-06CA-4A8D-9939-947289422A4B}.Debug|Any CPU.ActiveCfg = Debug|Any CPU
		{BB4A3135-06CA-4A8D-9939-947289422A4B}.Debug|Any CPU.Build.0 = Debug|Any CPU
		{BB4A3135-06CA-4A8D-9939-947289422A4B}.Release|Any CPU.ActiveCfg = Release|Any CPU
		{BB4A3135-06CA-4A8D-9939-947289422A4B}.Release|Any CPU.Build.0 = Release|Any CPU
	EndGlobalSection
	GlobalSection(SolutionProperties) = preSolution
		HideSolutionNode = FALSE
	EndGlobalSection
	GlobalSection(ExtensibilityGlobals) = postSolution
		SolutionGuid = {6AAACAFE-2723-4476-987D-DA224EBE0C9F}
	EndGlobalSection
EndGlobal
